// !$*UTF8*$!
{
	archiveVersion = 1;
	classes = {
	};
	objectVersion = 56;
	objects = {

/* Begin PBXBuildFile section */
		DCFDEE7C2ADB29690070BD43 /* AppDelegate.swift in Sources */ = {isa = PBXBuildFile; fileRef = DCFDEE7B2ADB29690070BD43 /* AppDelegate.swift */; };
		DCFDEE7E2ADB29690070BD43 /* SceneDelegate.swift in Sources */ = {isa = PBXBuildFile; fileRef = DCFDEE7D2ADB29690070BD43 /* SceneDelegate.swift */; };
		DCFDEE802ADB29690070BD43 /* HomePage.swift in Sources */ = {isa = PBXBuildFile; fileRef = DCFDEE7F2ADB29690070BD43 /* HomePage.swift */; };
		DCFDEE832ADB29690070BD43 /* Main.storyboard in Resources */ = {isa = PBXBuildFile; fileRef = DCFDEE812ADB29690070BD43 /* Main.storyboard */; };
		DCFDEE852ADB296A0070BD43 /* Assets.xcassets in Resources */ = {isa = PBXBuildFile; fileRef = DCFDEE842ADB296A0070BD43 /* Assets.xcassets */; };
		DCFDEE882ADB296A0070BD43 /* LaunchScreen.storyboard in Resources */ = {isa = PBXBuildFile; fileRef = DCFDEE862ADB296A0070BD43 /* LaunchScreen.storyboard */; };
		DCFDEE942ADB2A1C0070BD43 /* PersonRegistration.swift in Sources */ = {isa = PBXBuildFile; fileRef = DCFDEE932ADB2A1C0070BD43 /* PersonRegistration.swift */; };
		DCFDEE962ADB2A260070BD43 /* PersonInfo.swift in Sources */ = {isa = PBXBuildFile; fileRef = DCFDEE952ADB2A260070BD43 /* PersonInfo.swift */; };
		DCFDEE982ADB2EBE0070BD43 /* Persons.swift in Sources */ = {isa = PBXBuildFile; fileRef = DCFDEE972ADB2EBE0070BD43 /* Persons.swift */; };
/* End PBXBuildFile section */

/* Begin PBXFileReference section */
		DCFDEE782ADB29690070BD43 /* Persons App.app */ = {isa = PBXFileReference; explicitFileType = wrapper.application; includeInIndex = 0; path = "Persons App.app"; sourceTree = BUILT_PRODUCTS_DIR; };
		DCFDEE7B2ADB29690070BD43 /* AppDelegate.swift */ = {isa = PBXFileReference; lastKnownFileType = sourcecode.swift; path = AppDelegate.swift; sourceTree = "<group>"; };
		DCFDEE7D2ADB29690070BD43 /* SceneDelegate.swift */ = {isa = PBXFileReference; lastKnownFileType = sourcecode.swift; path = SceneDelegate.swift; sourceTree = "<group>"; };
		DCFDEE7F2ADB29690070BD43 /* HomePage.swift */ = {isa = PBXFileReference; lastKnownFileType = sourcecode.swift; path = HomePage.swift; sourceTree = "<group>"; };
		DCFDEE822ADB29690070BD43 /* Base */ = {isa = PBXFileReference; lastKnownFileType = file.storyboard; name = Base; path = Base.lproj/Main.storyboard; sourceTree = "<group>"; };
		DCFDEE842ADB296A0070BD43 /* Assets.xcassets */ = {isa = PBXFileReference; lastKnownFileType = folder.assetcatalog; path = Assets.xcassets; sourceTree = "<group>"; };
		DCFDEE872ADB296A0070BD43 /* Base */ = {isa = PBXFileReference; lastKnownFileType = file.storyboard; name = Base; path = Base.lproj/LaunchScreen.storyboard; sourceTree = "<group>"; };
		DCFDEE892ADB296A0070BD43 /* Info.plist */ = {isa = PBXFileReference; lastKnownFileType = text.plist.xml; path = Info.plist; sourceTree = "<group>"; };
		DCFDEE932ADB2A1C0070BD43 /* PersonRegistration.swift */ = {isa = PBXFileReference; lastKnownFileType = sourcecode.swift; path = PersonRegistration.swift; sourceTree = "<group>"; };
		DCFDEE952ADB2A260070BD43 /* PersonInfo.swift */ = {isa = PBXFileReference; lastKnownFileType = sourcecode.swift; path = PersonInfo.swift; sourceTree = "<group>"; };
		DCFDEE972ADB2EBE0070BD43 /* Persons.swift */ = {isa = PBXFileReference; lastKnownFileType = sourcecode.swift; path = Persons.swift; sourceTree = "<group>"; };
/* End PBXFileReference section */

/* Begin PBXFrameworksBuildPhase section */
		DCFDEE752ADB29690070BD43 /* Frameworks */ = {
			isa = PBXFrameworksBuildPhase;
			buildActionMask = 2147483647;
			files = (
			);
			runOnlyForDeploymentPostprocessing = 0;
		};
/* End PBXFrameworksBuildPhase section */

/* Begin PBXGroup section */
		DCFDEE6F2ADB29690070BD43 = {
			isa = PBXGroup;
			children = (
				DCFDEE7A2ADB29690070BD43 /* Persons App */,
				DCFDEE792ADB29690070BD43 /* Products */,
			);
			sourceTree = "<group>";
		};
		DCFDEE792ADB29690070BD43 /* Products */ = {
			isa = PBXGroup;
			children = (
				DCFDEE782ADB29690070BD43 /* Persons App.app */,
			);
			name = Products;
			sourceTree = "<group>";
		};
		DCFDEE7A2ADB29690070BD43 /* Persons App */ = {
			isa = PBXGroup;
			children = (
				DCFDEE7B2ADB29690070BD43 /* AppDelegate.swift */,
				DCFDEE7D2ADB29690070BD43 /* SceneDelegate.swift */,
				DCFDEE902ADB29CF0070BD43 /* UI */,
				DCFDEE8F2ADB29C80070BD43 /* Data */,
				DCFDEE812ADB29690070BD43 /* Main.storyboard */,
				DCFDEE842ADB296A0070BD43 /* Assets.xcassets */,
				DCFDEE862ADB296A0070BD43 /* LaunchScreen.storyboard */,
				DCFDEE892ADB296A0070BD43 /* Info.plist */,
			);
			path = "Persons App";
			sourceTree = "<group>";
		};
		DCFDEE8F2ADB29C80070BD43 /* Data */ = {
			isa = PBXGroup;
			children = (
				DCFDEE912ADB29D90070BD43 /* Entity */,
			);
			path = Data;
			sourceTree = "<group>";
		};
		DCFDEE902ADB29CF0070BD43 /* UI */ = {
			isa = PBXGroup;
			children = (
				DCFDEE922ADB29E00070BD43 /* Views */,
			);
			path = UI;
			sourceTree = "<group>";
		};
		DCFDEE912ADB29D90070BD43 /* Entity */ = {
			isa = PBXGroup;
			children = (
				DCFDEE972ADB2EBE0070BD43 /* Persons.swift */,
			);
			path = Entity;
			sourceTree = "<group>";
		};
		DCFDEE922ADB29E00070BD43 /* Views */ = {
			isa = PBXGroup;
			children = (
				DCFDEE7F2ADB29690070BD43 /* HomePage.swift */,
				DCFDEE932ADB2A1C0070BD43 /* PersonRegistration.swift */,
				DCFDEE952ADB2A260070BD43 /* PersonInfo.swift */,
			);
			path = Views;
			sourceTree = "<group>";
		};
/* End PBXGroup section */

/* Begin PBXNativeTarget section */
		DCFDEE772ADB29690070BD43 /* Persons App */ = {
			isa = PBXNativeTarget;
			buildConfigurationList = DCFDEE8C2ADB296A0070BD43 /* Build configuration list for PBXNativeTarget "Persons App" */;
			buildPhases = (
				DCFDEE742ADB29690070BD43 /* Sources */,
				DCFDEE752ADB29690070BD43 /* Frameworks */,
				DCFDEE762ADB29690070BD43 /* Resources */,
			);
			buildRules = (
			);
			dependencies = (
			);
			name = "Persons App";
			productName = "Persons App";
			productReference = DCFDEE782ADB29690070BD43 /* Persons App.app */;
			productType = "com.apple.product-type.application";
		};
/* End PBXNativeTarget section */

/* Begin PBXProject section */
		DCFDEE702ADB29690070BD43 /* Project object */ = {
			isa = PBXProject;
			attributes = {
				BuildIndependentTargetsInParallel = 1;
				LastSwiftUpdateCheck = 1500;
				LastUpgradeCheck = 1500;
				TargetAttributes = {
					DCFDEE772ADB29690070BD43 = {
						CreatedOnToolsVersion = 15.0;
					};
				};
			};
			buildConfigurationList = DCFDEE732ADB29690070BD43 /* Build configuration list for PBXProject "Persons App" */;
			compatibilityVersion = "Xcode 14.0";
			developmentRegion = en;
			hasScannedForEncodings = 0;
			knownRegions = (
				en,
				Base,
			);
			mainGroup = DCFDEE6F2ADB29690070BD43;
			productRefGroup = DCFDEE792ADB29690070BD43 /* Products */;
			projectDirPath = "";
			projectRoot = "";
			targets = (
				DCFDEE772ADB29690070BD43 /* Persons App */,
			);
		};
/* End PBXProject section */

/* Begin PBXResourcesBuildPhase section */
		DCFDEE762ADB29690070BD43 /* Resources */ = {
			isa = PBXResourcesBuildPhase;
			buildActionMask = 2147483647;
			files = (
				DCFDEE882ADB296A0070BD43 /* LaunchScreen.storyboard in Resources */,
				DCFDEE852ADB296A0070BD43 /* Assets.xcassets in Resources */,
				DCFDEE832ADB29690070BD43 /* Main.storyboard in Resources */,
			);
			runOnlyForDeploymentPostprocessing = 0;
		};
/* End PBXResourcesBuildPhase section */

/* Begin PBXSourcesBuildPhase section */
		DCFDEE742ADB29690070BD43 /* Sources */ = {
			isa = PBXSourcesBuildPhase;
			buildActionMask = 2147483647;
			files = (
				DCFDEE982ADB2EBE0070BD43 /* Persons.swift in Sources */,
				DCFDEE962ADB2A260070BD43 /* PersonInfo.swift in Sources */,
				DCFDEE802ADB29690070BD43 /* HomePage.swift in Sources */,
				DCFDEE7C2ADB29690070BD43 /* AppDelegate.swift in Sources */,
				DCFDEE942ADB2A1C0070BD43 /* PersonRegistration.swift in Sources */,
				DCFDEE7E2ADB29690070BD43 /* SceneDelegate.swift in Sources */,
			);
			runOnlyForDeploymentPostprocessing = 0;
		};
/* End PBXSourcesBuildPhase section */

/* Begin PBXVariantGroup section */
		DCFDEE812ADB29690070BD43 /* Main.storyboard */ = {
			isa = PBXVariantGroup;
			children = (
				DCFDEE822ADB29690070BD43 /* Base */,
			);
			name = Main.storyboard;
			sourceTree = "<group>";
		};
		DCFDEE862ADB296A0070BD43 /* LaunchScreen.storyboard */ = {
			isa = PBXVariantGroup;
			children = (
				DCFDEE872ADB296A0070BD43 /* Base */,
			);
			name = LaunchScreen.storyboard;
			sourceTree = "<group>";
		};
/* End PBXVariantGroup section */

/* Begin XCBuildConfiguration section */
		DCFDEE8A2ADB296A0070BD43 /* Debug */ = {
			isa = XCBuildConfiguration;
			buildSettings = {
				ALWAYS_SEARCH_USER_PATHS = NO;
				ASSETCATALOG_COMPILER_GENERATE_SWIFT_ASSET_SYMBOL_EXTENSIONS = YES;
				CLANG_ANALYZER_NONNULL = YES;
				CLANG_ANALYZER_NUMBER_OBJECT_CONVERSION = YES_AGGRESSIVE;
				CLANG_CXX_LANGUAGE_STANDARD = "gnu++20";
				CLANG_ENABLE_MODULES = YES;
				CLANG_ENABLE_OBJC_ARC = YES;
				CLANG_ENABLE_OBJC_WEAK = YES;
				CLANG_WARN_BLOCK_CAPTURE_AUTORELEASING = YES;
				CLANG_WARN_BOOL_CONVERSION = YES;
				CLANG_WARN_COMMA = YES;
				CLANG_WARN_CONSTANT_CONVERSION = YES;
				CLANG_WARN_DEPRECATED_OBJC_IMPLEMENTATIONS = YES;
				CLANG_WARN_DIRECT_OBJC_ISA_USAGE = YES_ERROR;
				CLANG_WARN_DOCUMENTATION_COMMENTS = YES;
				CLANG_WARN_EMPTY_BODY = YES;
				CLANG_WARN_ENUM_CONVERSION = YES;
				CLANG_WARN_INFINITE_RECURSION = YES;
				CLANG_WARN_INT_CONVERSION = YES;
				CLANG_WARN_NON_LITERAL_NULL_CONVERSION = YES;
				CLANG_WARN_OBJC_IMPLICIT_RETAIN_SELF = YES;
				CLANG_WARN_OBJC_LITERAL_CONVERSION = YES;
				CLANG_WARN_OBJC_ROOT_CLASS = YES_ERROR;
				CLANG_WARN_QUOTED_INCLUDE_IN_FRAMEWORK_HEADER = YES;
				CLANG_WARN_RANGE_LOOP_ANALYSIS = YES;
				CLANG_WARN_STRICT_PROTOTYPES = YES;
				CLANG_WARN_SUSPICIOUS_MOVE = YES;
				CLANG_WARN_UNGUARDED_AVAILABILITY = YES_AGGRESSIVE;
				CLANG_WARN_UNREACHABLE_CODE = YES;
				CLANG_WARN__DUPLICATE_METHOD_MATCH = YES;
				COPY_PHASE_STRIP = NO;
				DEBUG_INFORMATION_FORMAT = dwarf;
				ENABLE_STRICT_OBJC_MSGSEND = YES;
				ENABLE_TESTABILITY = YES;
				ENABLE_USER_SCRIPT_SANDBOXING = YES;
				GCC_C_LANGUAGE_STANDARD = gnu17;
				GCC_DYNAMIC_NO_PIC = NO;
				GCC_NO_COMMON_BLOCKS = YES;
				GCC_OPTIMIZATION_LEVEL = 0;
				GCC_PREPROCESSOR_DEFINITIONS = (
					"DEBUG=1",
					"$(inherited)",
				);
				GCC_WARN_64_TO_32_BIT_CONVERSION = YES;
				GCC_WARN_ABOUT_RETURN_TYPE = YES_ERROR;
				GCC_WARN_UNDECLARED_SELECTOR = YES;
				GCC_WARN_UNINITIALIZED_AUTOS = YES_AGGRESSIVE;
				GCC_WARN_UNUSED_FUNCTION = YES;
				GCC_WARN_UNUSED_VARIABLE = YES;
				IPHONEOS_DEPLOYMENT_TARGET = 17.0;
				LOCALIZATION_PREFERS_STRING_CATALOGS = YES;
				MTL_ENABLE_DEBUG_INFO = INCLUDE_SOURCE;
				MTL_FAST_MATH = YES;
				ONLY_ACTIVE_ARCH = YES;
				SDKROOT = iphoneos;
				SWIFT_ACTIVE_COMPILATION_CONDITIONS = "DEBUG $(inherited)";
				SWIFT_OPTIMIZATION_LEVEL = "-Onone";
			};
			name = Debug;
		};
		DCFDEE8B2ADB296A0070BD43 /* Release */ = {
			isa = XCBuildConfiguration;
			buildSettings = {
				ALWAYS_SEARCH_USER_PATHS = NO;
				ASSETCATALOG_COMPILER_GENERATE_SWIFT_ASSET_SYMBOL_EXTENSIONS = YES;
				CLANG_ANALYZER_NONNULL = YES;
				CLANG_ANALYZER_NUMBER_OBJECT_CONVERSION = YES_AGGRESSIVE;
				CLANG_CXX_LANGUAGE_STANDARD = "gnu++20";
				CLANG_ENABLE_MODULES = YES;
				CLANG_ENABLE_OBJC_ARC = YES;
				CLANG_ENABLE_OBJC_WEAK = YES;
				CLANG_WARN_BLOCK_CAPTURE_AUTORELEASING = YES;
				CLANG_WARN_BOOL_CONVERSION = YES;
				CLANG_WARN_COMMA = YES;
				CLANG_WARN_CONSTANT_CONVERSION = YES;
				CLANG_WARN_DEPRECATED_OBJC_IMPLEMENTATIONS = YES;
				CLANG_WARN_DIRECT_OBJC_ISA_USAGE = YES_ERROR;
				CLANG_WARN_DOCUMENTATION_COMMENTS = YES;
				CLANG_WARN_EMPTY_BODY = YES;
				CLANG_WARN_ENUM_CONVERSION = YES;
				CLANG_WARN_INFINITE_RECURSION = YES;
				CLANG_WARN_INT_CONVERSION = YES;
				CLANG_WARN_NON_LITERAL_NULL_CONVERSION = YES;
				CLANG_WARN_OBJC_IMPLICIT_RETAIN_SELF = YES;
				CLANG_WARN_OBJC_LITERAL_CONVERSION = YES;
				CLANG_WARN_OBJC_ROOT_CLASS = YES_ERROR;
				CLANG_WARN_QUOTED_INCLUDE_IN_FRAMEWORK_HEADER = YES;
				CLANG_WARN_RANGE_LOOP_ANALYSIS = YES;
				CLANG_WARN_STRICT_PROTOTYPES = YES;
				CLANG_WARN_SUSPICIOUS_MOVE = YES;
				CLANG_WARN_UNGUARDED_AVAILABILITY = YES_AGGRESSIVE;
				CLANG_WARN_UNREACHABLE_CODE = YES;
				CLANG_WARN__DUPLICATE_METHOD_MATCH = YES;
				COPY_PHASE_STRIP = NO;
				DEBUG_INFORMATION_FORMAT = "dwarf-with-dsym";
				ENABLE_NS_ASSERTIONS = NO;
				ENABLE_STRICT_OBJC_MSGSEND = YES;
				ENABLE_USER_SCRIPT_SANDBOXING = YES;
				GCC_C_LANGUAGE_STANDARD = gnu17;
				GCC_NO_COMMON_BLOCKS = YES;
				GCC_WARN_64_TO_32_BIT_CONVERSION = YES;
				GCC_WARN_ABOUT_RETURN_TYPE = YES_ERROR;
				GCC_WARN_UNDECLARED_SELECTOR = YES;
				GCC_WARN_UNINITIALIZED_AUTOS = YES_AGGRESSIVE;
				GCC_WARN_UNUSED_FUNCTION = YES;
				GCC_WARN_UNUSED_VARIABLE = YES;
				IPHONEOS_DEPLOYMENT_TARGET = 17.0;
				LOCALIZATION_PREFERS_STRING_CATALOGS = YES;
				MTL_ENABLE_DEBUG_INFO = NO;
				MTL_FAST_MATH = YES;
				SDKROOT = iphoneos;
				SWIFT_COMPILATION_MODE = wholemodule;
				VALIDATE_PRODUCT = YES;
			};
			name = Release;
		};
		DCFDEE8D2ADB296A0070BD43 /* Debug */ = {
			isa = XCBuildConfiguration;
			buildSettings = {
				ASSETCATALOG_COMPILER_APPICON_NAME = AppIcon;
				ASSETCATALOG_COMPILER_GLOBAL_ACCENT_COLOR_NAME = AccentColor;
				CODE_SIGN_STYLE = Automatic;
				CURRENT_PROJECT_VERSION = 1;
				DEVELOPMENT_TEAM = 3755NX4L2K;
				GENERATE_INFOPLIST_FILE = YES;
				INFOPLIST_FILE = "Persons App/Info.plist";
				INFOPLIST_KEY_UIApplicationSupportsIndirectInputEvents = YES;
				INFOPLIST_KEY_UILaunchStoryboardName = LaunchScreen;
				INFOPLIST_KEY_UIMainStoryboardFile = Main;
				INFOPLIST_KEY_UISupportedInterfaceOrientations_iPad = "UIInterfaceOrientationPortrait UIInterfaceOrientationPortraitUpsideDown UIInterfaceOrientationLandscapeLeft UIInterfaceOrientationLandscapeRight";
				INFOPLIST_KEY_UISupportedInterfaceOrientations_iPhone = "UIInterfaceOrientationPortrait UIInterfaceOrientationLandscapeLeft UIInterfaceOrientationLandscapeRight";
				LD_RUNPATH_SEARCH_PATHS = (
					"$(inherited)",
					"@executable_path/Frameworks",
				);
				MARKETING_VERSION = 1.0;
				PRODUCT_BUNDLE_IDENTIFIER = "com.ahmeterkut.Persons-App";
				PRODUCT_NAME = "$(TARGET_NAME)";
				SWIFT_EMIT_LOC_STRINGS = YES;
				SWIFT_VERSION = 5.0;
				TARGETED_DEVICE_FAMILY = "1,2";
			};
			name = Debug;
		};
		DCFDEE8E2ADB296A0070BD43 /* Release */ = {
			isa = XCBuildConfiguration;
			buildSettings = {
				ASSETCATALOG_COMPILER_APPICON_NAME = AppIcon;
				ASSETCATALOG_COMPILER_GLOBAL_ACCENT_COLOR_NAME = AccentColor;
				CODE_SIGN_STYLE = Automatic;
				CURRENT_PROJECT_VERSION = 1;
				DEVELOPMENT_TEAM = 3755NX4L2K;
				GENERATE_INFOPLIST_FILE = YES;
				INFOPLIST_FILE = "Persons App/Info.plist";
				INFOPLIST_KEY_UIApplicationSupportsIndirectInputEvents = YES;
				INFOPLIST_KEY_UILaunchStoryboardName = LaunchScreen;
				INFOPLIST_KEY_UIMainStoryboardFile = Main;
				INFOPLIST_KEY_UISupportedInterfaceOrientations_iPad = "UIInterfaceOrientationPortrait UIInterfaceOrientationPortraitUpsideDown UIInterfaceOrientationLandscapeLeft UIInterfaceOrientationLandscapeRight";
				INFOPLIST_KEY_UISupportedInterfaceOrientations_iPhone = "UIInterfaceOrientationPortrait UIInterfaceOrientationLandscapeLeft UIInterfaceOrientationLandscapeRight";
				LD_RUNPATH_SEARCH_PATHS = (
					"$(inherited)",
					"@executable_path/Frameworks",
				);
				MARKETING_VERSION = 1.0;
				PRODUCT_BUNDLE_IDENTIFIER = "com.ahmeterkut.Persons-App";
				PRODUCT_NAME = "$(TARGET_NAME)";
				SWIFT_EMIT_LOC_STRINGS = YES;
				SWIFT_VERSION = 5.0;
				TARGETED_DEVICE_FAMILY = "1,2";
			};
			name = Release;
		};
/* End XCBuildConfiguration section */

/* Begin XCConfigurationList section */
		DCFDEE732ADB29690070BD43 /* Build configuration list for PBXProject "Persons App" */ = {
			isa = XCConfigurationList;
			buildConfigurations = (
				DCFDEE8A2ADB296A0070BD43 /* Debug */,
				DCFDEE8B2ADB296A0070BD43 /* Release */,
			);
			defaultConfigurationIsVisible = 0;
			defaultConfigurationName = Release;
		};
		DCFDEE8C2ADB296A0070BD43 /* Build configuration list for PBXNativeTarget "Persons App" */ = {
			isa = XCConfigurationList;
			buildConfigurations = (
				DCFDEE8D2ADB296A0070BD43 /* Debug */,
				DCFDEE8E2ADB296A0070BD43 /* Release */,
			);
			defaultConfigurationIsVisible = 0;
			defaultConfigurationName = Release;
		};
/* End XCConfigurationList section */
	};
	rootObject = DCFDEE702ADB29690070BD43 /* Project object */;
}
